{
  "name": "swag-platform-security",
  "version": "2.0.0",
  "lockfileVersion": 2,
  "requires": true,
  "packages": {
    "": {
      "name": "swag-platform-security",
      "version": "2.0.0",
      "license": "ISC",
      "dependencies": {
        "cookie-storage": "^6.0.0"
      }
    },
    "node_modules/cookie-storage": {
      "version": "6.0.0",
      "resolved": "https://registry.npmjs.org/cookie-storage/-/cookie-storage-6.0.0.tgz",
      "integrity": "sha512-k9GqiqWIhytlm+Jprm+4mxW1tSa5iB9t3U46ueqkXx1dqD8lEEXKzVgSjyg57ybkhJFpB5PJqO53+J+8RlDZBw=="
    }
  },
  "dependencies": {
    "cookie-storage": {
      "version": "6.0.0",
      "resolved": "https://registry.npmjs.org/cookie-storage/-/cookie-storage-6.0.0.tgz",
      "integrity": "sha512-k9GqiqWIhytlm+Jprm+4mxW1tSa5iB9t3U46ueqkXx1dqD8lEEXKzVgSjyg57ybkhJFpB5PJqO53+J+8RlDZBw=="
    }
  }
}
